// !$*UTF8*$!
{
	archiveVersion = 1;
	classes = {
	};
	objectVersion = 46;
	objects = {

/* Begin PBXBuildFile section */
		90696772188A979300BD978B /* MMDatePickerViewController.m in Sources */ = {isa = PBXBuildFile; fileRef = 90696771188A979300BD978B /* MMDatePickerViewController.m */; };
		90696777188A97FA00BD978B /* MMNodeDot.m in Sources */ = {isa = PBXBuildFile; fileRef = 90696776188A97FA00BD978B /* MMNodeDot.m */; };
		9069677B188AA6AF00BD978B /* MMDateDot.m in Sources */ = {isa = PBXBuildFile; fileRef = 9069677A188AA6AF00BD978B /* MMDateDot.m */; };
		9069677E188AB40E00BD978B /* MMConnectionLine.m in Sources */ = {isa = PBXBuildFile; fileRef = 9069677D188AB40E00BD978B /* MMConnectionLine.m */; };
		90696781188ABAD600BD978B /* MMStyleSheet.m in Sources */ = {isa = PBXBuildFile; fileRef = 90696780188ABAD600BD978B /* MMStyleSheet.m */; };
		90696784188AEF1000BD978B /* MMPerson.m in Sources */ = {isa = PBXBuildFile; fileRef = 90696783188AEF1000BD978B /* MMPerson.m */; };
		90746FF8188B428C00CCB3DB /* Parse.framework in Frameworks */ = {isa = PBXBuildFile; fileRef = 90746FF7188B428C00CCB3DB /* Parse.framework */; };
		90746FFA188B42AB00CCB3DB /* AudioToolbox.framework in Frameworks */ = {isa = PBXBuildFile; fileRef = 90746FF9188B42AB00CCB3DB /* AudioToolbox.framework */; };
		90746FFC188B42B100CCB3DB /* CFNetwork.framework in Frameworks */ = {isa = PBXBuildFile; fileRef = 90746FFB188B42B100CCB3DB /* CFNetwork.framework */; };
		90746FFE188B42BC00CCB3DB /* CoreLocation.framework in Frameworks */ = {isa = PBXBuildFile; fileRef = 90746FFD188B42BC00CCB3DB /* CoreLocation.framework */; };
		90747000188B42C400CCB3DB /* libz.dylib in Frameworks */ = {isa = PBXBuildFile; fileRef = 90746FFF188B42C400CCB3DB /* libz.dylib */; };
		90747002188B42CA00CCB3DB /* MobileCoreServices.framework in Frameworks */ = {isa = PBXBuildFile; fileRef = 90747001188B42CA00CCB3DB /* MobileCoreServices.framework */; };
		90747004188B42D000CCB3DB /* QuartzCore.framework in Frameworks */ = {isa = PBXBuildFile; fileRef = 90747003188B42D000CCB3DB /* QuartzCore.framework */; };
		90747006188B42D500CCB3DB /* Security.framework in Frameworks */ = {isa = PBXBuildFile; fileRef = 90747005188B42D500CCB3DB /* Security.framework */; };
		90747008188B42DB00CCB3DB /* StoreKit.framework in Frameworks */ = {isa = PBXBuildFile; fileRef = 90747007188B42DB00CCB3DB /* StoreKit.framework */; };
		9074700A188B42E200CCB3DB /* SystemConfiguration.framework in Frameworks */ = {isa = PBXBuildFile; fileRef = 90747009188B42E200CCB3DB /* SystemConfiguration.framework */; };
		9074700C188B71F300CCB3DB /* MessageUI.framework in Frameworks */ = {isa = PBXBuildFile; fileRef = 9074700B188B71F300CCB3DB /* MessageUI.framework */; };
		9074700F188BA4DE00CCB3DB /* MMLoaderViewController.m in Sources */ = {isa = PBXBuildFile; fileRef = 9074700E188BA4DE00CCB3DB /* MMLoaderViewController.m */; };
		E64252D9188A7F1600549CAF /* Foundation.framework in Frameworks */ = {isa = PBXBuildFile; fileRef = E64252D8188A7F1600549CAF /* Foundation.framework */; };
		E64252DB188A7F1600549CAF /* CoreGraphics.framework in Frameworks */ = {isa = PBXBuildFile; fileRef = E64252DA188A7F1600549CAF /* CoreGraphics.framework */; };
		E64252DD188A7F1600549CAF /* UIKit.framework in Frameworks */ = {isa = PBXBuildFile; fileRef = E64252DC188A7F1600549CAF /* UIKit.framework */; };
		E64252E3188A7F1600549CAF /* InfoPlist.strings in Resources */ = {isa = PBXBuildFile; fileRef = E64252E1188A7F1600549CAF /* InfoPlist.strings */; };
		E64252E5188A7F1600549CAF /* main.m in Sources */ = {isa = PBXBuildFile; fileRef = E64252E4188A7F1600549CAF /* main.m */; };
		E64252E9188A7F1600549CAF /* MMAppDelegate.m in Sources */ = {isa = PBXBuildFile; fileRef = E64252E8188A7F1600549CAF /* MMAppDelegate.m */; };
		E64252F2188A7F1600549CAF /* MMViewController.m in Sources */ = {isa = PBXBuildFile; fileRef = E64252F1188A7F1600549CAF /* MMViewController.m */; };
		E64252F4188A7F1600549CAF /* Images.xcassets in Resources */ = {isa = PBXBuildFile; fileRef = E64252F3188A7F1600549CAF /* Images.xcassets */; };
		E64252FB188A7F1600549CAF /* XCTest.framework in Frameworks */ = {isa = PBXBuildFile; fileRef = E64252FA188A7F1600549CAF /* XCTest.framework */; };
		E64252FC188A7F1600549CAF /* Foundation.framework in Frameworks */ = {isa = PBXBuildFile; fileRef = E64252D8188A7F1600549CAF /* Foundation.framework */; };
		E64252FD188A7F1600549CAF /* UIKit.framework in Frameworks */ = {isa = PBXBuildFile; fileRef = E64252DC188A7F1600549CAF /* UIKit.framework */; };
		E6425305188A7F1600549CAF /* InfoPlist.strings in Resources */ = {isa = PBXBuildFile; fileRef = E6425303188A7F1600549CAF /* InfoPlist.strings */; };
		E6425307188A7F1600549CAF /* MMMhacksAppTests.m in Sources */ = {isa = PBXBuildFile; fileRef = E6425306188A7F1600549CAF /* MMMhacksAppTests.m */; };
		E6DECE85188ADBF1000B8DFA /* Raleway-Medium.ttf in Resources */ = {isa = PBXBuildFile; fileRef = E6DECE83188ADBF1000B8DFA /* Raleway-Medium.ttf */; };
		E6DECE86188ADBF1000B8DFA /* Raleway-Light.ttf in Resources */ = {isa = PBXBuildFile; fileRef = E6DECE84188ADBF1000B8DFA /* Raleway-Light.ttf */; };
		E6DECE88188AE28B000B8DFA /* fontawesome-webfont.ttf in Resources */ = {isa = PBXBuildFile; fileRef = E6DECE87188AE28B000B8DFA /* fontawesome-webfont.ttf */; };
		E6DECE90188B83EE000B8DFA /* UIView+JMNoise.m in Sources */ = {isa = PBXBuildFile; fileRef = E6DECE8F188B83EE000B8DFA /* UIView+JMNoise.m */; };
		E6DECE93188B8E4C000B8DFA /* MMProfilePhotoCheckBox.m in Sources */ = {isa = PBXBuildFile; fileRef = E6DECE92188B8E4C000B8DFA /* MMProfilePhotoCheckBox.m */; };
/* End PBXBuildFile section */

/* Begin PBXContainerItemProxy section */
		E64252FE188A7F1600549CAF /* PBXContainerItemProxy */ = {
			isa = PBXContainerItemProxy;
			containerPortal = E64252CD188A7F1600549CAF /* Project object */;
			proxyType = 1;
			remoteGlobalIDString = E64252D4188A7F1600549CAF;
			remoteInfo = MMMhacksApp;
		};
/* End PBXContainerItemProxy section */

/* Begin PBXFileReference section */
		90696770188A979300BD978B /* MMDatePickerViewController.h */ = {isa = PBXFileReference; fileEncoding = 4; lastKnownFileType = sourcecode.c.h; name = MMDatePickerViewController.h; path = Classes/MMDatePickerViewController.h; sourceTree = "<group>"; };
		90696771188A979300BD978B /* MMDatePickerViewController.m */ = {isa = PBXFileReference; fileEncoding = 4; lastKnownFileType = sourcecode.c.objc; name = MMDatePickerViewController.m; path = Classes/MMDatePickerViewController.m; sourceTree = "<group>"; };
		90696775188A97FA00BD978B /* MMNodeDot.h */ = {isa = PBXFileReference; fileEncoding = 4; lastKnownFileType = sourcecode.c.h; name = MMNodeDot.h; path = Classes/Views/MMNodeDot.h; sourceTree = "<group>"; };
		90696776188A97FA00BD978B /* MMNodeDot.m */ = {isa = PBXFileReference; fileEncoding = 4; lastKnownFileType = sourcecode.c.objc; name = MMNodeDot.m; path = Classes/Views/MMNodeDot.m; sourceTree = "<group>"; };
		90696779188AA6AF00BD978B /* MMDateDot.h */ = {isa = PBXFileReference; fileEncoding = 4; lastKnownFileType = sourcecode.c.h; name = MMDateDot.h; path = Classes/MMDateDot.h; sourceTree = "<group>"; };
		9069677A188AA6AF00BD978B /* MMDateDot.m */ = {isa = PBXFileReference; fileEncoding = 4; lastKnownFileType = sourcecode.c.objc; name = MMDateDot.m; path = Classes/MMDateDot.m; sourceTree = "<group>"; };
		9069677C188AB40E00BD978B /* MMConnectionLine.h */ = {isa = PBXFileReference; fileEncoding = 4; lastKnownFileType = sourcecode.c.h; name = MMConnectionLine.h; path = Classes/Views/MMConnectionLine.h; sourceTree = "<group>"; };
		9069677D188AB40E00BD978B /* MMConnectionLine.m */ = {isa = PBXFileReference; fileEncoding = 4; lastKnownFileType = sourcecode.c.objc; name = MMConnectionLine.m; path = Classes/Views/MMConnectionLine.m; sourceTree = "<group>"; };
		9069677F188ABAD600BD978B /* MMStyleSheet.h */ = {isa = PBXFileReference; fileEncoding = 4; lastKnownFileType = sourcecode.c.h; name = MMStyleSheet.h; path = Classes/MMStyleSheet.h; sourceTree = "<group>"; };
		90696780188ABAD600BD978B /* MMStyleSheet.m */ = {isa = PBXFileReference; fileEncoding = 4; lastKnownFileType = sourcecode.c.objc; name = MMStyleSheet.m; path = Classes/MMStyleSheet.m; sourceTree = "<group>"; };
		90696782188AEF1000BD978B /* MMPerson.h */ = {isa = PBXFileReference; fileEncoding = 4; lastKnownFileType = sourcecode.c.h; name = MMPerson.h; path = Classes/MMPerson.h; sourceTree = "<group>"; };
		90696783188AEF1000BD978B /* MMPerson.m */ = {isa = PBXFileReference; fileEncoding = 4; lastKnownFileType = sourcecode.c.objc; name = MMPerson.m; path = Classes/MMPerson.m; sourceTree = "<group>"; };
		90746FF7188B428C00CCB3DB /* Parse.framework */ = {isa = PBXFileReference; lastKnownFileType = wrapper.framework; name = Parse.framework; path = MMMhacksApp/Parse.framework; sourceTree = "<group>"; };
		90746FF9188B42AB00CCB3DB /* AudioToolbox.framework */ = {isa = PBXFileReference; lastKnownFileType = wrapper.framework; name = AudioToolbox.framework; path = System/Library/Frameworks/AudioToolbox.framework; sourceTree = SDKROOT; };
		90746FFB188B42B100CCB3DB /* CFNetwork.framework */ = {isa = PBXFileReference; lastKnownFileType = wrapper.framework; name = CFNetwork.framework; path = System/Library/Frameworks/CFNetwork.framework; sourceTree = SDKROOT; };
		90746FFD188B42BC00CCB3DB /* CoreLocation.framework */ = {isa = PBXFileReference; lastKnownFileType = wrapper.framework; name = CoreLocation.framework; path = System/Library/Frameworks/CoreLocation.framework; sourceTree = SDKROOT; };
		90746FFF188B42C400CCB3DB /* libz.dylib */ = {isa = PBXFileReference; lastKnownFileType = "compiled.mach-o.dylib"; name = libz.dylib; path = usr/lib/libz.dylib; sourceTree = SDKROOT; };
		90747001188B42CA00CCB3DB /* MobileCoreServices.framework */ = {isa = PBXFileReference; lastKnownFileType = wrapper.framework; name = MobileCoreServices.framework; path = System/Library/Frameworks/MobileCoreServices.framework; sourceTree = SDKROOT; };
		90747003188B42D000CCB3DB /* QuartzCore.framework */ = {isa = PBXFileReference; lastKnownFileType = wrapper.framework; name = QuartzCore.framework; path = System/Library/Frameworks/QuartzCore.framework; sourceTree = SDKROOT; };
		90747005188B42D500CCB3DB /* Security.framework */ = {isa = PBXFileReference; lastKnownFileType = wrapper.framework; name = Security.framework; path = System/Library/Frameworks/Security.framework; sourceTree = SDKROOT; };
		90747007188B42DB00CCB3DB /* StoreKit.framework */ = {isa = PBXFileReference; lastKnownFileType = wrapper.framework; name = StoreKit.framework; path = System/Library/Frameworks/StoreKit.framework; sourceTree = SDKROOT; };
		90747009188B42E200CCB3DB /* SystemConfiguration.framework */ = {isa = PBXFileReference; lastKnownFileType = wrapper.framework; name = SystemConfiguration.framework; path = System/Library/Frameworks/SystemConfiguration.framework; sourceTree = SDKROOT; };
		9074700B188B71F300CCB3DB /* MessageUI.framework */ = {isa = PBXFileReference; lastKnownFileType = wrapper.framework; name = MessageUI.framework; path = System/Library/Frameworks/MessageUI.framework; sourceTree = SDKROOT; };
		9074700D188BA4DE00CCB3DB /* MMLoaderViewController.h */ = {isa = PBXFileReference; fileEncoding = 4; lastKnownFileType = sourcecode.c.h; name = MMLoaderViewController.h; path = Classes/MMLoaderViewController.h; sourceTree = "<group>"; };
		9074700E188BA4DE00CCB3DB /* MMLoaderViewController.m */ = {isa = PBXFileReference; fileEncoding = 4; lastKnownFileType = sourcecode.c.objc; name = MMLoaderViewController.m; path = Classes/MMLoaderViewController.m; sourceTree = "<group>"; };
		E64252D5188A7F1600549CAF /* MMMhacksApp.app */ = {isa = PBXFileReference; explicitFileType = wrapper.application; includeInIndex = 0; path = MMMhacksApp.app; sourceTree = BUILT_PRODUCTS_DIR; };
		E64252D8188A7F1600549CAF /* Foundation.framework */ = {isa = PBXFileReference; lastKnownFileType = wrapper.framework; name = Foundation.framework; path = System/Library/Frameworks/Foundation.framework; sourceTree = SDKROOT; };
		E64252DA188A7F1600549CAF /* CoreGraphics.framework */ = {isa = PBXFileReference; lastKnownFileType = wrapper.framework; name = CoreGraphics.framework; path = System/Library/Frameworks/CoreGraphics.framework; sourceTree = SDKROOT; };
		E64252DC188A7F1600549CAF /* UIKit.framework */ = {isa = PBXFileReference; lastKnownFileType = wrapper.framework; name = UIKit.framework; path = System/Library/Frameworks/UIKit.framework; sourceTree = SDKROOT; };
		E64252E0188A7F1600549CAF /* MMMhacksApp-Info.plist */ = {isa = PBXFileReference; lastKnownFileType = text.plist.xml; path = "MMMhacksApp-Info.plist"; sourceTree = "<group>"; };
		E64252E2188A7F1600549CAF /* en */ = {isa = PBXFileReference; lastKnownFileType = text.plist.strings; name = en; path = en.lproj/InfoPlist.strings; sourceTree = "<group>"; };
		E64252E4188A7F1600549CAF /* main.m */ = {isa = PBXFileReference; lastKnownFileType = sourcecode.c.objc; path = main.m; sourceTree = "<group>"; };
		E64252E6188A7F1600549CAF /* MMMhacksApp-Prefix.pch */ = {isa = PBXFileReference; lastKnownFileType = sourcecode.c.h; path = "MMMhacksApp-Prefix.pch"; sourceTree = "<group>"; };
		E64252E7188A7F1600549CAF /* MMAppDelegate.h */ = {isa = PBXFileReference; lastKnownFileType = sourcecode.c.h; path = MMAppDelegate.h; sourceTree = "<group>"; };
		E64252E8188A7F1600549CAF /* MMAppDelegate.m */ = {isa = PBXFileReference; lastKnownFileType = sourcecode.c.objc; path = MMAppDelegate.m; sourceTree = "<group>"; };
		E64252F0188A7F1600549CAF /* MMViewController.h */ = {isa = PBXFileReference; lastKnownFileType = sourcecode.c.h; path = MMViewController.h; sourceTree = "<group>"; };
		E64252F1188A7F1600549CAF /* MMViewController.m */ = {isa = PBXFileReference; lastKnownFileType = sourcecode.c.objc; path = MMViewController.m; sourceTree = "<group>"; };
		E64252F3188A7F1600549CAF /* Images.xcassets */ = {isa = PBXFileReference; lastKnownFileType = folder.assetcatalog; path = Images.xcassets; sourceTree = "<group>"; };
		E64252F9188A7F1600549CAF /* MMMhacksAppTests.xctest */ = {isa = PBXFileReference; explicitFileType = wrapper.cfbundle; includeInIndex = 0; path = MMMhacksAppTests.xctest; sourceTree = BUILT_PRODUCTS_DIR; };
		E64252FA188A7F1600549CAF /* XCTest.framework */ = {isa = PBXFileReference; lastKnownFileType = wrapper.framework; name = XCTest.framework; path = Library/Frameworks/XCTest.framework; sourceTree = DEVELOPER_DIR; };
		E6425302188A7F1600549CAF /* MMMhacksAppTests-Info.plist */ = {isa = PBXFileReference; lastKnownFileType = text.plist.xml; path = "MMMhacksAppTests-Info.plist"; sourceTree = "<group>"; };
		E6425304188A7F1600549CAF /* en */ = {isa = PBXFileReference; lastKnownFileType = text.plist.strings; name = en; path = en.lproj/InfoPlist.strings; sourceTree = "<group>"; };
		E6425306188A7F1600549CAF /* MMMhacksAppTests.m */ = {isa = PBXFileReference; lastKnownFileType = sourcecode.c.objc; path = MMMhacksAppTests.m; sourceTree = "<group>"; };
		E6DECE83188ADBF1000B8DFA /* Raleway-Medium.ttf */ = {isa = PBXFileReference; lastKnownFileType = file; path = "Raleway-Medium.ttf"; sourceTree = "<group>"; };
		E6DECE84188ADBF1000B8DFA /* Raleway-Light.ttf */ = {isa = PBXFileReference; lastKnownFileType = file; path = "Raleway-Light.ttf"; sourceTree = "<group>"; };
		E6DECE87188AE28B000B8DFA /* fontawesome-webfont.ttf */ = {isa = PBXFileReference; lastKnownFileType = file; path = "fontawesome-webfont.ttf"; sourceTree = "<group>"; };
		E6DECE8E188B83EE000B8DFA /* UIView+JMNoise.h */ = {isa = PBXFileReference; fileEncoding = 4; lastKnownFileType = sourcecode.c.h; path = "UIView+JMNoise.h"; sourceTree = "<group>"; };
		E6DECE8F188B83EE000B8DFA /* UIView+JMNoise.m */ = {isa = PBXFileReference; fileEncoding = 4; lastKnownFileType = sourcecode.c.objc; path = "UIView+JMNoise.m"; sourceTree = "<group>"; };
		E6DECE91188B8E4C000B8DFA /* MMProfilePhotoCheckBox.h */ = {isa = PBXFileReference; fileEncoding = 4; lastKnownFileType = sourcecode.c.h; path = MMProfilePhotoCheckBox.h; sourceTree = "<group>"; };
		E6DECE92188B8E4C000B8DFA /* MMProfilePhotoCheckBox.m */ = {isa = PBXFileReference; fileEncoding = 4; lastKnownFileType = sourcecode.c.objc; path = MMProfilePhotoCheckBox.m; sourceTree = "<group>"; };
/* End PBXFileReference section */

/* Begin PBXFrameworksBuildPhase section */
		E64252D2188A7F1600549CAF /* Frameworks */ = {
			isa = PBXFrameworksBuildPhase;
			buildActionMask = 2147483647;
			files = (
				9074700C188B71F300CCB3DB /* MessageUI.framework in Frameworks */,
				9074700A188B42E200CCB3DB /* SystemConfiguration.framework in Frameworks */,
				90747008188B42DB00CCB3DB /* StoreKit.framework in Frameworks */,
				90747006188B42D500CCB3DB /* Security.framework in Frameworks */,
				90747004188B42D000CCB3DB /* QuartzCore.framework in Frameworks */,
				90747002188B42CA00CCB3DB /* MobileCoreServices.framework in Frameworks */,
				90747000188B42C400CCB3DB /* libz.dylib in Frameworks */,
				90746FFE188B42BC00CCB3DB /* CoreLocation.framework in Frameworks */,
				E64252DB188A7F1600549CAF /* CoreGraphics.framework in Frameworks */,
				90746FFC188B42B100CCB3DB /* CFNetwork.framework in Frameworks */,
				90746FFA188B42AB00CCB3DB /* AudioToolbox.framework in Frameworks */,
				E64252DD188A7F1600549CAF /* UIKit.framework in Frameworks */,
				90746FF8188B428C00CCB3DB /* Parse.framework in Frameworks */,
				E64252D9188A7F1600549CAF /* Foundation.framework in Frameworks */,
			);
			runOnlyForDeploymentPostprocessing = 0;
		};
		E64252F6188A7F1600549CAF /* Frameworks */ = {
			isa = PBXFrameworksBuildPhase;
			buildActionMask = 2147483647;
			files = (
				E64252FB188A7F1600549CAF /* XCTest.framework in Frameworks */,
				E64252FD188A7F1600549CAF /* UIKit.framework in Frameworks */,
				E64252FC188A7F1600549CAF /* Foundation.framework in Frameworks */,
			);
			runOnlyForDeploymentPostprocessing = 0;
		};
/* End PBXFrameworksBuildPhase section */

/* Begin PBXGroup section */
		90696773188A97DB00BD978B /* Controllers */ = {
			isa = PBXGroup;
			children = (
				E64252F0188A7F1600549CAF /* MMViewController.h */,
				E64252F1188A7F1600549CAF /* MMViewController.m */,
				90696770188A979300BD978B /* MMDatePickerViewController.h */,
				90696771188A979300BD978B /* MMDatePickerViewController.m */,
				9074700D188BA4DE00CCB3DB /* MMLoaderViewController.h */,
				9074700E188BA4DE00CCB3DB /* MMLoaderViewController.m */,
			);
			name = Controllers;
			sourceTree = "<group>";
		};
		90696774188A97E100BD978B /* Other */ = {
			isa = PBXGroup;
			children = (
				E6DECE8D188B83EE000B8DFA /* JMNoise */,
				E64252E7188A7F1600549CAF /* MMAppDelegate.h */,
				E64252E8188A7F1600549CAF /* MMAppDelegate.m */,
				9069677F188ABAD600BD978B /* MMStyleSheet.h */,
				90696780188ABAD600BD978B /* MMStyleSheet.m */,
				90696782188AEF1000BD978B /* MMPerson.h */,
				90696783188AEF1000BD978B /* MMPerson.m */,
			);
			name = Other;
			sourceTree = "<group>";
		};
		90696778188A97FD00BD978B /* Views */ = {
			isa = PBXGroup;
			children = (
				90696775188A97FA00BD978B /* MMNodeDot.h */,
				90696776188A97FA00BD978B /* MMNodeDot.m */,
				90696779188AA6AF00BD978B /* MMDateDot.h */,
				9069677A188AA6AF00BD978B /* MMDateDot.m */,
				9069677C188AB40E00BD978B /* MMConnectionLine.h */,
				9069677D188AB40E00BD978B /* MMConnectionLine.m */,
				E6DECE91188B8E4C000B8DFA /* MMProfilePhotoCheckBox.h */,
				E6DECE92188B8E4C000B8DFA /* MMProfilePhotoCheckBox.m */,
			);
			name = Views;
			sourceTree = "<group>";
		};
		E64252CC188A7F1600549CAF = {
			isa = PBXGroup;
			children = (
				E64252DE188A7F1600549CAF /* MMMhacksApp */,
				E6425300188A7F1600549CAF /* MMMhacksAppTests */,
				E64252D7188A7F1600549CAF /* Frameworks */,
				E64252D6188A7F1600549CAF /* Products */,
			);
			sourceTree = "<group>";
		};
		E64252D6188A7F1600549CAF /* Products */ = {
			isa = PBXGroup;
			children = (
				E64252D5188A7F1600549CAF /* MMMhacksApp.app */,
				E64252F9188A7F1600549CAF /* MMMhacksAppTests.xctest */,
			);
			name = Products;
			sourceTree = "<group>";
		};
		E64252D7188A7F1600549CAF /* Frameworks */ = {
			isa = PBXGroup;
			children = (
				9074700B188B71F300CCB3DB /* MessageUI.framework */,
				90747009188B42E200CCB3DB /* SystemConfiguration.framework */,
				90747007188B42DB00CCB3DB /* StoreKit.framework */,
				90747005188B42D500CCB3DB /* Security.framework */,
				90747003188B42D000CCB3DB /* QuartzCore.framework */,
				90747001188B42CA00CCB3DB /* MobileCoreServices.framework */,
				90746FFF188B42C400CCB3DB /* libz.dylib */,
				90746FFD188B42BC00CCB3DB /* CoreLocation.framework */,
				90746FFB188B42B100CCB3DB /* CFNetwork.framework */,
				90746FF9188B42AB00CCB3DB /* AudioToolbox.framework */,
				90746FF7188B428C00CCB3DB /* Parse.framework */,
				E64252D8188A7F1600549CAF /* Foundation.framework */,
				E64252DA188A7F1600549CAF /* CoreGraphics.framework */,
				E64252DC188A7F1600549CAF /* UIKit.framework */,
				E64252FA188A7F1600549CAF /* XCTest.framework */,
			);
			name = Frameworks;
			sourceTree = "<group>";
		};
		E64252DE188A7F1600549CAF /* MMMhacksApp */ = {
			isa = PBXGroup;
			children = (
				90696774188A97E100BD978B /* Other */,
				90696773188A97DB00BD978B /* Controllers */,
				E64252F3188A7F1600549CAF /* Images.xcassets */,
				90696778188A97FD00BD978B /* Views */,
				E64252DF188A7F1600549CAF /* Supporting Files */,
			);
			path = MMMhacksApp;
			sourceTree = "<group>";
		};
		E64252DF188A7F1600549CAF /* Supporting Files */ = {
			isa = PBXGroup;
			children = (
				E6DECE83188ADBF1000B8DFA /* Raleway-Medium.ttf */,
				E6DECE87188AE28B000B8DFA /* fontawesome-webfont.ttf */,
				E6DECE84188ADBF1000B8DFA /* Raleway-Light.ttf */,
				E64252E0188A7F1600549CAF /* MMMhacksApp-Info.plist */,
				E64252E1188A7F1600549CAF /* InfoPlist.strings */,
				E64252E4188A7F1600549CAF /* main.m */,
				E64252E6188A7F1600549CAF /* MMMhacksApp-Prefix.pch */,
			);
			name = "Supporting Files";
			sourceTree = "<group>";
		};
		E6425300188A7F1600549CAF /* MMMhacksAppTests */ = {
			isa = PBXGroup;
			children = (
				E6425306188A7F1600549CAF /* MMMhacksAppTests.m */,
				E6425301188A7F1600549CAF /* Supporting Files */,
			);
			path = MMMhacksAppTests;
			sourceTree = "<group>";
		};
		E6425301188A7F1600549CAF /* Supporting Files */ = {
			isa = PBXGroup;
			children = (
				E6425302188A7F1600549CAF /* MMMhacksAppTests-Info.plist */,
				E6425303188A7F1600549CAF /* InfoPlist.strings */,
			);
			name = "Supporting Files";
			sourceTree = "<group>";
		};
		E6DECE8D188B83EE000B8DFA /* JMNoise */ = {
			isa = PBXGroup;
			children = (
				E6DECE8E188B83EE000B8DFA /* UIView+JMNoise.h */,
				E6DECE8F188B83EE000B8DFA /* UIView+JMNoise.m */,
			);
			path = JMNoise;
			sourceTree = "<group>";
		};
/* End PBXGroup section */

/* Begin PBXNativeTarget section */
		E64252D4188A7F1600549CAF /* MMMhacksApp */ = {
			isa = PBXNativeTarget;
			buildConfigurationList = E642530A188A7F1600549CAF /* Build configuration list for PBXNativeTarget "MMMhacksApp" */;
			buildPhases = (
				E64252D1188A7F1600549CAF /* Sources */,
				E64252D2188A7F1600549CAF /* Frameworks */,
				E64252D3188A7F1600549CAF /* Resources */,
			);
			buildRules = (
			);
			dependencies = (
			);
			name = MMMhacksApp;
			productName = MMMhacksApp;
			productReference = E64252D5188A7F1600549CAF /* MMMhacksApp.app */;
			productType = "com.apple.product-type.application";
		};
		E64252F8188A7F1600549CAF /* MMMhacksAppTests */ = {
			isa = PBXNativeTarget;
			buildConfigurationList = E642530D188A7F1600549CAF /* Build configuration list for PBXNativeTarget "MMMhacksAppTests" */;
			buildPhases = (
				E64252F5188A7F1600549CAF /* Sources */,
				E64252F6188A7F1600549CAF /* Frameworks */,
				E64252F7188A7F1600549CAF /* Resources */,
			);
			buildRules = (
			);
			dependencies = (
				E64252FF188A7F1600549CAF /* PBXTargetDependency */,
			);
			name = MMMhacksAppTests;
			productName = MMMhacksAppTests;
			productReference = E64252F9188A7F1600549CAF /* MMMhacksAppTests.xctest */;
			productType = "com.apple.product-type.bundle.unit-test";
		};
/* End PBXNativeTarget section */

/* Begin PBXProject section */
		E64252CD188A7F1600549CAF /* Project object */ = {
			isa = PBXProject;
			attributes = {
				CLASSPREFIX = MM;
				LastUpgradeCheck = 0500;
				ORGANIZATIONNAME = lobodzinski;
				TargetAttributes = {
					E64252D4188A7F1600549CAF = {
						DevelopmentTeam = 48ARUEM5RP;
					};
					E64252F8188A7F1600549CAF = {
						TestTargetID = E64252D4188A7F1600549CAF;
					};
				};
			};
			buildConfigurationList = E64252D0188A7F1600549CAF /* Build configuration list for PBXProject "MMMhacksApp" */;
			compatibilityVersion = "Xcode 3.2";
			developmentRegion = English;
			hasScannedForEncodings = 0;
			knownRegions = (
				en,
				Base,
			);
			mainGroup = E64252CC188A7F1600549CAF;
			productRefGroup = E64252D6188A7F1600549CAF /* Products */;
			projectDirPath = "";
			projectRoot = "";
			targets = (
				E64252D4188A7F1600549CAF /* MMMhacksApp */,
				E64252F8188A7F1600549CAF /* MMMhacksAppTests */,
			);
		};
/* End PBXProject section */

/* Begin PBXResourcesBuildPhase section */
		E64252D3188A7F1600549CAF /* Resources */ = {
			isa = PBXResourcesBuildPhase;
			buildActionMask = 2147483647;
			files = (
				E64252F4188A7F1600549CAF /* Images.xcassets in Resources */,
				E6DECE85188ADBF1000B8DFA /* Raleway-Medium.ttf in Resources */,
				E6DECE88188AE28B000B8DFA /* fontawesome-webfont.ttf in Resources */,
				E64252E3188A7F1600549CAF /* InfoPlist.strings in Resources */,
				E6DECE86188ADBF1000B8DFA /* Raleway-Light.ttf in Resources */,
			);
			runOnlyForDeploymentPostprocessing = 0;
		};
		E64252F7188A7F1600549CAF /* Resources */ = {
			isa = PBXResourcesBuildPhase;
			buildActionMask = 2147483647;
			files = (
				E6425305188A7F1600549CAF /* InfoPlist.strings in Resources */,
			);
			runOnlyForDeploymentPostprocessing = 0;
		};
/* End PBXResourcesBuildPhase section */

/* Begin PBXSourcesBuildPhase section */
		E64252D1188A7F1600549CAF /* Sources */ = {
			isa = PBXSourcesBuildPhase;
			buildActionMask = 2147483647;
			files = (
				90696777188A97FA00BD978B /* MMNodeDot.m in Sources */,
				E6DECE93188B8E4C000B8DFA /* MMProfilePhotoCheckBox.m in Sources */,
				90696784188AEF1000BD978B /* MMPerson.m in Sources */,
				90696772188A979300BD978B /* MMDatePickerViewController.m in Sources */,
				E64252E9188A7F1600549CAF /* MMAppDelegate.m in Sources */,
				9069677E188AB40E00BD978B /* MMConnectionLine.m in Sources */,
				9069677B188AA6AF00BD978B /* MMDateDot.m in Sources */,
				9074700F188BA4DE00CCB3DB /* MMLoaderViewController.m in Sources */,
				90696781188ABAD600BD978B /* MMStyleSheet.m in Sources */,
				E64252F2188A7F1600549CAF /* MMViewController.m in Sources */,
				E6DECE90188B83EE000B8DFA /* UIView+JMNoise.m in Sources */,
				E64252E5188A7F1600549CAF /* main.m in Sources */,
			);
			runOnlyForDeploymentPostprocessing = 0;
		};
		E64252F5188A7F1600549CAF /* Sources */ = {
			isa = PBXSourcesBuildPhase;
			buildActionMask = 2147483647;
			files = (
				E6425307188A7F1600549CAF /* MMMhacksAppTests.m in Sources */,
			);
			runOnlyForDeploymentPostprocessing = 0;
		};
/* End PBXSourcesBuildPhase section */

/* Begin PBXTargetDependency section */
		E64252FF188A7F1600549CAF /* PBXTargetDependency */ = {
			isa = PBXTargetDependency;
			target = E64252D4188A7F1600549CAF /* MMMhacksApp */;
			targetProxy = E64252FE188A7F1600549CAF /* PBXContainerItemProxy */;
		};
/* End PBXTargetDependency section */

/* Begin PBXVariantGroup section */
		E64252E1188A7F1600549CAF /* InfoPlist.strings */ = {
			isa = PBXVariantGroup;
			children = (
				E64252E2188A7F1600549CAF /* en */,
			);
			name = InfoPlist.strings;
			sourceTree = "<group>";
		};
		E6425303188A7F1600549CAF /* InfoPlist.strings */ = {
			isa = PBXVariantGroup;
			children = (
				E6425304188A7F1600549CAF /* en */,
			);
			name = InfoPlist.strings;
			sourceTree = "<group>";
		};
/* End PBXVariantGroup section */

/* Begin XCBuildConfiguration section */
		E6425308188A7F1600549CAF /* Debug */ = {
			isa = XCBuildConfiguration;
			buildSettings = {
				ALWAYS_SEARCH_USER_PATHS = NO;
				ARCHS = "$(ARCHS_STANDARD_INCLUDING_64_BIT)";
				CLANG_CXX_LANGUAGE_STANDARD = "gnu++0x";
				CLANG_CXX_LIBRARY = "libc++";
				CLANG_ENABLE_MODULES = YES;
				CLANG_ENABLE_OBJC_ARC = YES;
				CLANG_WARN_BOOL_CONVERSION = YES;
				CLANG_WARN_CONSTANT_CONVERSION = YES;
				CLANG_WARN_DIRECT_OBJC_ISA_USAGE = YES_ERROR;
				CLANG_WARN_EMPTY_BODY = YES;
				CLANG_WARN_ENUM_CONVERSION = YES;
				CLANG_WARN_INT_CONVERSION = YES;
				CLANG_WARN_OBJC_ROOT_CLASS = YES_ERROR;
				CLANG_WARN__DUPLICATE_METHOD_MATCH = YES;
				"CODE_SIGN_IDENTITY[sdk=iphoneos*]" = "iPhone Developer";
				COPY_PHASE_STRIP = NO;
				GCC_C_LANGUAGE_STANDARD = gnu99;
				GCC_DYNAMIC_NO_PIC = NO;
				GCC_OPTIMIZATION_LEVEL = 0;
				GCC_PREPROCESSOR_DEFINITIONS = (
					"DEBUG=1",
					"$(inherited)",
				);
				GCC_SYMBOLS_PRIVATE_EXTERN = NO;
				GCC_WARN_64_TO_32_BIT_CONVERSION = YES;
				GCC_WARN_ABOUT_RETURN_TYPE = YES_ERROR;
				GCC_WARN_UNDECLARED_SELECTOR = YES;
				GCC_WARN_UNINITIALIZED_AUTOS = YES;
				GCC_WARN_UNUSED_FUNCTION = YES;
				GCC_WARN_UNUSED_VARIABLE = YES;
				IPHONEOS_DEPLOYMENT_TARGET = 7.0;
				ONLY_ACTIVE_ARCH = YES;
				SDKROOT = iphoneos;
				TARGETED_DEVICE_FAMILY = "1,2";
			};
			name = Debug;
		};
		E6425309188A7F1600549CAF /* Release */ = {
			isa = XCBuildConfiguration;
			buildSettings = {
				ALWAYS_SEARCH_USER_PATHS = NO;
				ARCHS = "$(ARCHS_STANDARD_INCLUDING_64_BIT)";
				CLANG_CXX_LANGUAGE_STANDARD = "gnu++0x";
				CLANG_CXX_LIBRARY = "libc++";
				CLANG_ENABLE_MODULES = YES;
				CLANG_ENABLE_OBJC_ARC = YES;
				CLANG_WARN_BOOL_CONVERSION = YES;
				CLANG_WARN_CONSTANT_CONVERSION = YES;
				CLANG_WARN_DIRECT_OBJC_ISA_USAGE = YES_ERROR;
				CLANG_WARN_EMPTY_BODY = YES;
				CLANG_WARN_ENUM_CONVERSION = YES;
				CLANG_WARN_INT_CONVERSION = YES;
				CLANG_WARN_OBJC_ROOT_CLASS = YES_ERROR;
				CLANG_WARN__DUPLICATE_METHOD_MATCH = YES;
				"CODE_SIGN_IDENTITY[sdk=iphoneos*]" = "iPhone Developer";
				COPY_PHASE_STRIP = YES;
				ENABLE_NS_ASSERTIONS = NO;
				GCC_C_LANGUAGE_STANDARD = gnu99;
				GCC_WARN_64_TO_32_BIT_CONVERSION = YES;
				GCC_WARN_ABOUT_RETURN_TYPE = YES_ERROR;
				GCC_WARN_UNDECLARED_SELECTOR = YES;
				GCC_WARN_UNINITIALIZED_AUTOS = YES;
				GCC_WARN_UNUSED_FUNCTION = YES;
				GCC_WARN_UNUSED_VARIABLE = YES;
				IPHONEOS_DEPLOYMENT_TARGET = 7.0;
				SDKROOT = iphoneos;
				TARGETED_DEVICE_FAMILY = "1,2";
				VALIDATE_PRODUCT = YES;
			};
			name = Release;
		};
		E642530B188A7F1600549CAF /* Debug */ = {
			isa = XCBuildConfiguration;
			buildSettings = {
				ASSETCATALOG_COMPILER_APPICON_NAME = AppIcon;
				ASSETCATALOG_COMPILER_LAUNCHIMAGE_NAME = LaunchImage;
				CODE_SIGN_IDENTITY = "iPhone Developer";
				"CODE_SIGN_IDENTITY[sdk=iphoneos*]" = "iPhone Developer";
				FRAMEWORK_SEARCH_PATHS = (
					"$(inherited)",
					"$(SRCROOT)/**",
				);
				GCC_PRECOMPILE_PREFIX_HEADER = YES;
				GCC_PREFIX_HEADER = "MMMhacksApp/MMMhacksApp-Prefix.pch";
				INFOPLIST_FILE = "MMMhacksApp/MMMhacksApp-Info.plist";
				PRODUCT_NAME = "$(TARGET_NAME)";
				PROVISIONING_PROFILE = "";
				TARGETED_DEVICE_FAMILY = 2;
				WRAPPER_EXTENSION = app;
			};
			name = Debug;
		};
		E642530C188A7F1600549CAF /* Release */ = {
			isa = XCBuildConfiguration;
			buildSettings = {
				ASSETCATALOG_COMPILER_APPICON_NAME = AppIcon;
				ASSETCATALOG_COMPILER_LAUNCHIMAGE_NAME = LaunchImage;
				CODE_SIGN_IDENTITY = "iPhone Developer";
				"CODE_SIGN_IDENTITY[sdk=iphoneos*]" = "iPhone Developer";
				FRAMEWORK_SEARCH_PATHS = (
					"$(inherited)",
					"$(SRCROOT)/**",
				);
				GCC_PRECOMPILE_PREFIX_HEADER = YES;
				GCC_PREFIX_HEADER = "MMMhacksApp/MMMhacksApp-Prefix.pch";
				INFOPLIST_FILE = "MMMhacksApp/MMMhacksApp-Info.plist";
				PRODUCT_NAME = "$(TARGET_NAME)";
				PROVISIONING_PROFILE = "";
				TARGETED_DEVICE_FAMILY = 2;
				WRAPPER_EXTENSION = app;
			};
			name = Release;
		};
		E642530E188A7F1600549CAF /* Debug */ = {
			isa = XCBuildConfiguration;
			buildSettings = {
				ARCHS = "$(ARCHS_STANDARD_INCLUDING_64_BIT)";
				BUNDLE_LOADER = "$(BUILT_PRODUCTS_DIR)/MMMhacksApp.app/MMMhacksApp";
				FRAMEWORK_SEARCH_PATHS = (
					"$(SDKROOT)/Developer/Library/Frameworks",
					"$(inherited)",
					"$(DEVELOPER_FRAMEWORKS_DIR)",
				);
				GCC_PRECOMPILE_PREFIX_HEADER = YES;
				GCC_PREFIX_HEADER = "MMMhacksApp/MMMhacksApp-Prefix.pch";
				GCC_PREPROCESSOR_DEFINITIONS = (
					"DEBUG=1",
					"$(inherited)",
				);
				INFOPLIST_FILE = "MMMhacksAppTests/MMMhacksAppTests-Info.plist";
				PRODUCT_NAME = "$(TARGET_NAME)";
				TEST_HOST = "$(BUNDLE_LOADER)";
				WRAPPER_EXTENSION = xctest;
			};
			name = Debug;
		};
		E642530F188A7F1600549CAF /* Release */ = {
			isa = XCBuildConfiguration;
			buildSettings = {
				ARCHS = "$(ARCHS_STANDARD_INCLUDING_64_BIT)";
				BUNDLE_LOADER = "$(BUILT_PRODUCTS_DIR)/MMMhacksApp.app/MMMhacksApp";
				FRAMEWORK_SEARCH_PATHS = (
					"$(SDKROOT)/Developer/Library/Frameworks",
					"$(inherited)",
					"$(DEVELOPER_FRAMEWORKS_DIR)",
				);
				GCC_PRECOMPILE_PREFIX_HEADER = YES;
				GCC_PREFIX_HEADER = "MMMhacksApp/MMMhacksApp-Prefix.pch";
				INFOPLIST_FILE = "MMMhacksAppTests/MMMhacksAppTests-Info.plist";
				PRODUCT_NAME = "$(TARGET_NAME)";
				TEST_HOST = "$(BUNDLE_LOADER)";
				WRAPPER_EXTENSION = xctest;
			};
			name = Release;
		};
/* End XCBuildConfiguration section */

/* Begin XCConfigurationList section */
		E64252D0188A7F1600549CAF /* Build configuration list for PBXProject "MMMhacksApp" */ = {
			isa = XCConfigurationList;
			buildConfigurations = (
				E6425308188A7F1600549CAF /* Debug */,
				E6425309188A7F1600549CAF /* Release */,
			);
			defaultConfigurationIsVisible = 0;
			defaultConfigurationName = Release;
		};
		E642530A188A7F1600549CAF /* Build configuration list for PBXNativeTarget "MMMhacksApp" */ = {
			isa = XCConfigurationList;
			buildConfigurations = (
				E642530B188A7F1600549CAF /* Debug */,
				E642530C188A7F1600549CAF /* Release */,
			);
			defaultConfigurationIsVisible = 0;
			defaultConfigurationName = Release;
		};
		E642530D188A7F1600549CAF /* Build configuration list for PBXNativeTarget "MMMhacksAppTests" */ = {
			isa = XCConfigurationList;
			buildConfigurations = (
				E642530E188A7F1600549CAF /* Debug */,
				E642530F188A7F1600549CAF /* Release */,
			);
			defaultConfigurationIsVisible = 0;
			defaultConfigurationName = Release;
		};
/* End XCConfigurationList section */
	};
	rootObject = E64252CD188A7F1600549CAF /* Project object */;
}
